
Microsoft Visual Studio Solution File, Format Version 9.00
# Visual Studio 2005
Project("{FAE04EC0-301F-11D3-BF4B-00C04F79EFBC}") = "WindowsApplication1", "WindowsApplication1\WindowsApplication1.csproj", "{C0DC3D84-897E-4FE3-9F9B-D80523A52BF8}"
EndProject
Project("{54435603-DBB4-11D2-8724-00A0C9A8B90C}") = "KaiPiaoSetUp", "KaiPiaoSetUp\KaiPiaoSetUp.vdproj", "{FF6C7314-7B1F-4325-99EB-C52C83C0770B}"
EndProject
Global
	GlobalSection(SolutionConfigurationPlatforms) = preSolution
		Debug|Any CPU = Debug|Any CPU
		Release|Any CPU = Release|Any CPU
	EndGlobalSection
	GlobalSection(ProjectConfigurationPlatforms) = postSolution
		{C0DC3D84-897E-4FE3-9F9B-D80523A52BF8}.Debug|Any CPU.ActiveCfg = Debug|Any CPU
		{C0DC3D84-897E-4FE3-9F9B-D80523A52BF8}.Debug|Any CPU.Build.0 = Debug|Any CPU
		{C0DC3D84-897E-4FE3-9F9B-D80523A52BF8}.Release|Any CPU.ActiveCfg = Release|Any CPU
		{C0DC3D84-897E-4FE3-9F9B-D80523A52BF8}.Release|Any CPU.Build.0 = Release|Any CPU
		{FF6C7314-7B1F-4325-99EB-C52C83C0770B}.Debug|Any CPU.ActiveCfg = Debug
		{FF6C7314-7B1F-4325-99EB-C52C83C0770B}.Release|Any CPU.ActiveCfg = Release
	EndGlobalSection
	GlobalSection(SolutionProperties) = preSolution
		HideSolutionNode = FALSE
	EndGlobalSection
EndGlobal
